
Microsoft Visual Studio Solution File, Format Version 12.00
# TcXaeShell Solution File, Format Version 11.00
VisualStudioVersion = 15.0.28307.1300
MinimumVisualStudioVersion = 10.0.40219.1
Project("{B1E792BE-AA5F-4E3C-8C82-674BF9C0715B}") = "Tc3JsonXmlSampleXmlDomReader", "Tc3JsonXmlSampleXmlDomReader.tsproj", "{F8F0629B-2757-4526-B06F-2FE3977EC654}"
EndProject
Global
	GlobalSection(SolutionConfigurationPlatforms) = preSolution
		Debug|TwinCAT CE7 (ARMV7) = Debug|TwinCAT CE7 (ARMV7)
		Debug|TwinCAT OS (ARMT2) = Debug|TwinCAT OS (ARMT2)
		Debug|TwinCAT RT (x64) = Debug|TwinCAT RT (x64)
		Debug|TwinCAT RT (x86) = Debug|TwinCAT RT (x86)
		Release|TwinCAT CE7 (ARMV7) = Release|TwinCAT CE7 (ARMV7)
		Release|TwinCAT OS (ARMT2) = Release|TwinCAT OS (ARMT2)
		Release|TwinCAT RT (x64) = Release|TwinCAT RT (x64)
		Release|TwinCAT RT (x86) = Release|TwinCAT RT (x86)
	EndGlobalSection
	GlobalSection(ProjectConfigurationPlatforms) = postSolution
		{F8F0629B-2757-4526-B06F-2FE3977EC654}.Debug|TwinCAT CE7 (ARMV7).ActiveCfg = Debug|TwinCAT CE7 (ARMV7)
		{F8F0629B-2757-4526-B06F-2FE3977EC654}.Debug|TwinCAT CE7 (ARMV7).Build.0 = Debug|TwinCAT CE7 (ARMV7)
		{F8F0629B-2757-4526-B06F-2FE3977EC654}.Debug|TwinCAT OS (ARMT2).ActiveCfg = Debug|TwinCAT OS (ARMT2)
		{F8F0629B-2757-4526-B06F-2FE3977EC654}.Debug|TwinCAT OS (ARMT2).Build.0 = Debug|TwinCAT OS (ARMT2)
		{F8F0629B-2757-4526-B06F-2FE3977EC654}.Debug|TwinCAT RT (x64).ActiveCfg = Debug|TwinCAT RT (x64)
		{F8F0629B-2757-4526-B06F-2FE3977EC654}.Debug|TwinCAT RT (x64).Build.0 = Debug|TwinCAT RT (x64)
		{F8F0629B-2757-4526-B06F-2FE3977EC654}.Debug|TwinCAT RT (x86).ActiveCfg = Debug|TwinCAT RT (x86)
		{F8F0629B-2757-4526-B06F-2FE3977EC654}.Debug|TwinCAT RT (x86).Build.0 = Debug|TwinCAT RT (x86)
		{F8F0629B-2757-4526-B06F-2FE3977EC654}.Release|TwinCAT CE7 (ARMV7).ActiveCfg = Release|TwinCAT CE7 (ARMV7)
		{F8F0629B-2757-4526-B06F-2FE3977EC654}.Release|TwinCAT CE7 (ARMV7).Build.0 = Release|TwinCAT CE7 (ARMV7)
		{F8F0629B-2757-4526-B06F-2FE3977EC654}.Release|TwinCAT OS (ARMT2).ActiveCfg = Release|TwinCAT OS (ARMT2)
		{F8F0629B-2757-4526-B06F-2FE3977EC654}.Release|TwinCAT OS (ARMT2).Build.0 = Release|TwinCAT OS (ARMT2)
		{F8F0629B-2757-4526-B06F-2FE3977EC654}.Release|TwinCAT RT (x64).ActiveCfg = Release|TwinCAT RT (x64)
		{F8F0629B-2757-4526-B06F-2FE3977EC654}.Release|TwinCAT RT (x64).Build.0 = Release|TwinCAT RT (x64)
		{F8F0629B-2757-4526-B06F-2FE3977EC654}.Release|TwinCAT RT (x86).ActiveCfg = Release|TwinCAT RT (x86)
		{F8F0629B-2757-4526-B06F-2FE3977EC654}.Release|TwinCAT RT (x86).Build.0 = Release|TwinCAT RT (x86)
		{B3A08F5C-918C-434F-A871-53889105B4E8}.Debug|TwinCAT CE7 (ARMV7).ActiveCfg = Debug|TwinCAT CE7 (ARMV7)
		{B3A08F5C-918C-434F-A871-53889105B4E8}.Debug|TwinCAT CE7 (ARMV7).Build.0 = Debug|TwinCAT CE7 (ARMV7)
		{B3A08F5C-918C-434F-A871-53889105B4E8}.Debug|TwinCAT OS (ARMT2).ActiveCfg = Debug|TwinCAT OS (ARMT2)
		{B3A08F5C-918C-434F-A871-53889105B4E8}.Debug|TwinCAT OS (ARMT2).Build.0 = Debug|TwinCAT OS (ARMT2)
		{B3A08F5C-918C-434F-A871-53889105B4E8}.Debug|TwinCAT RT (x64).ActiveCfg = Debug|TwinCAT RT (x64)
		{B3A08F5C-918C-434F-A871-53889105B4E8}.Debug|TwinCAT RT (x64).Build.0 = Debug|TwinCAT RT (x64)
		{B3A08F5C-918C-434F-A871-53889105B4E8}.Debug|TwinCAT RT (x86).ActiveCfg = Debug|TwinCAT RT (x86)
		{B3A08F5C-918C-434F-A871-53889105B4E8}.Debug|TwinCAT RT (x86).Build.0 = Debug|TwinCAT RT (x86)
		{B3A08F5C-918C-434F-A871-53889105B4E8}.Release|TwinCAT CE7 (ARMV7).ActiveCfg = Release|TwinCAT CE7 (ARMV7)
		{B3A08F5C-918C-434F-A871-53889105B4E8}.Release|TwinCAT CE7 (ARMV7).Build.0 = Release|TwinCAT CE7 (ARMV7)
		{B3A08F5C-918C-434F-A871-53889105B4E8}.Release|TwinCAT OS (ARMT2).ActiveCfg = Release|TwinCAT OS (ARMT2)
		{B3A08F5C-918C-434F-A871-53889105B4E8}.Release|TwinCAT OS (ARMT2).Build.0 = Release|TwinCAT OS (ARMT2)
		{B3A08F5C-918C-434F-A871-53889105B4E8}.Release|TwinCAT RT (x64).ActiveCfg = Release|TwinCAT RT (x64)
		{B3A08F5C-918C-434F-A871-53889105B4E8}.Release|TwinCAT RT (x64).Build.0 = Release|TwinCAT RT (x64)
		{B3A08F5C-918C-434F-A871-53889105B4E8}.Release|TwinCAT RT (x86).ActiveCfg = Release|TwinCAT RT (x86)
		{B3A08F5C-918C-434F-A871-53889105B4E8}.Release|TwinCAT RT (x86).Build.0 = Release|TwinCAT RT (x86)
	EndGlobalSection
	GlobalSection(SolutionProperties) = preSolution
		HideSolutionNode = FALSE
	EndGlobalSection
	GlobalSection(ExtensibilityGlobals) = postSolution
		SolutionGuid = {0FEE95C2-3D40-47F7-A071-A92B01639396}
	EndGlobalSection
EndGlobal
